// !$*UTF8*$!
{
	archiveVersion = 1;
	classes = {
	};
	objectVersion = 46;
	objects = {

/* Begin PBXBuildFile section */
		23304AEB1665AFDA00705054 /* UIKit.framework in Frameworks */ = {isa = PBXBuildFile; fileRef = 23304AEA1665AFDA00705054 /* UIKit.framework */; };
		23304AED1665AFDA00705054 /* Foundation.framework in Frameworks */ = {isa = PBXBuildFile; fileRef = 23304AEC1665AFDA00705054 /* Foundation.framework */; };
		23304AEF1665AFDA00705054 /* CoreGraphics.framework in Frameworks */ = {isa = PBXBuildFile; fileRef = 23304AEE1665AFDA00705054 /* CoreGraphics.framework */; };
		23304AF51665AFDA00705054 /* InfoPlist.strings in Resources */ = {isa = PBXBuildFile; fileRef = 23304AF31665AFDA00705054 /* InfoPlist.strings */; };
		23304AF71665AFDA00705054 /* main.m in Sources */ = {isa = PBXBuildFile; fileRef = 23304AF61665AFDA00705054 /* main.m */; };
		23304AFD1665AFDA00705054 /* Default.png in Resources */ = {isa = PBXBuildFile; fileRef = 23304AFC1665AFDA00705054 /* Default.png */; };
		23304AFF1665AFDA00705054 /* Default@2x.png in Resources */ = {isa = PBXBuildFile; fileRef = 23304AFE1665AFDA00705054 /* Default@2x.png */; };
		23304B011665AFDA00705054 /* Default-568h@2x.png in Resources */ = {isa = PBXBuildFile; fileRef = 23304B001665AFDA00705054 /* Default-568h@2x.png */; };
		23304B091665AFDB00705054 /* SenTestingKit.framework in Frameworks */ = {isa = PBXBuildFile; fileRef = 23304B081665AFDB00705054 /* SenTestingKit.framework */; };
		23304B0A1665AFDB00705054 /* UIKit.framework in Frameworks */ = {isa = PBXBuildFile; fileRef = 23304AEA1665AFDA00705054 /* UIKit.framework */; };
		23304B0B1665AFDB00705054 /* Foundation.framework in Frameworks */ = {isa = PBXBuildFile; fileRef = 23304AEC1665AFDA00705054 /* Foundation.framework */; };
		23304B131665AFDB00705054 /* InfoPlist.strings in Resources */ = {isa = PBXBuildFile; fileRef = 23304B111665AFDB00705054 /* InfoPlist.strings */; };
		23304B161665AFDB00705054 /* hAPI_SDKTests.m in Sources */ = {isa = PBXBuildFile; fileRef = 23304B151665AFDB00705054 /* hAPI_SDKTests.m */; };
		23304B211665B05400705054 /* MHOAuthManager.m in Sources */ = {isa = PBXBuildFile; fileRef = 23304B201665B05400705054 /* MHOAuthManager.m */; };
		23304B30166E896A00705054 /* MHHealthData.m in Sources */ = {isa = PBXBuildFile; fileRef = 23304B2F166E896A00705054 /* MHHealthData.m */; };
		23304B55166FE41E00705054 /* CFNetwork.framework in Frameworks */ = {isa = PBXBuildFile; fileRef = 23304B54166FE41E00705054 /* CFNetwork.framework */; };
		23304B57166FE42900705054 /* MobileCoreServices.framework in Frameworks */ = {isa = PBXBuildFile; fileRef = 23304B56166FE42900705054 /* MobileCoreServices.framework */; };
		23304B59166FE44000705054 /* libz.dylib in Frameworks */ = {isa = PBXBuildFile; fileRef = 23304B58166FE44000705054 /* libz.dylib */; };
		23304B5B166FE46A00705054 /* SystemConfiguration.framework in Frameworks */ = {isa = PBXBuildFile; fileRef = 23304B5A166FE46A00705054 /* SystemConfiguration.framework */; };
		23304B7D167946D200705054 /* AFHTTPClient.m in Sources */ = {isa = PBXBuildFile; fileRef = 23304B6B167946D200705054 /* AFHTTPClient.m */; };
		23304B7E167946D200705054 /* AFHTTPClient.m in Sources */ = {isa = PBXBuildFile; fileRef = 23304B6B167946D200705054 /* AFHTTPClient.m */; };
		23304B7F167946D200705054 /* AFHTTPRequestOperation.m in Sources */ = {isa = PBXBuildFile; fileRef = 23304B6D167946D200705054 /* AFHTTPRequestOperation.m */; };
		23304B80167946D200705054 /* AFHTTPRequestOperation.m in Sources */ = {isa = PBXBuildFile; fileRef = 23304B6D167946D200705054 /* AFHTTPRequestOperation.m */; };
		23304B81167946D200705054 /* AFImageRequestOperation.m in Sources */ = {isa = PBXBuildFile; fileRef = 23304B6F167946D200705054 /* AFImageRequestOperation.m */; };
		23304B82167946D200705054 /* AFImageRequestOperation.m in Sources */ = {isa = PBXBuildFile; fileRef = 23304B6F167946D200705054 /* AFImageRequestOperation.m */; };
		23304B83167946D200705054 /* AFJSONRequestOperation.m in Sources */ = {isa = PBXBuildFile; fileRef = 23304B71167946D200705054 /* AFJSONRequestOperation.m */; };
		23304B84167946D200705054 /* AFJSONRequestOperation.m in Sources */ = {isa = PBXBuildFile; fileRef = 23304B71167946D200705054 /* AFJSONRequestOperation.m */; };
		23304B85167946D200705054 /* AFNetworkActivityIndicatorManager.m in Sources */ = {isa = PBXBuildFile; fileRef = 23304B73167946D200705054 /* AFNetworkActivityIndicatorManager.m */; };
		23304B86167946D200705054 /* AFNetworkActivityIndicatorManager.m in Sources */ = {isa = PBXBuildFile; fileRef = 23304B73167946D200705054 /* AFNetworkActivityIndicatorManager.m */; };
		23304B87167946D200705054 /* AFPropertyListRequestOperation.m in Sources */ = {isa = PBXBuildFile; fileRef = 23304B76167946D200705054 /* AFPropertyListRequestOperation.m */; };
		23304B88167946D200705054 /* AFPropertyListRequestOperation.m in Sources */ = {isa = PBXBuildFile; fileRef = 23304B76167946D200705054 /* AFPropertyListRequestOperation.m */; };
		23304B89167946D200705054 /* AFURLConnectionOperation.m in Sources */ = {isa = PBXBuildFile; fileRef = 23304B78167946D200705054 /* AFURLConnectionOperation.m */; };
		23304B8A167946D200705054 /* AFURLConnectionOperation.m in Sources */ = {isa = PBXBuildFile; fileRef = 23304B78167946D200705054 /* AFURLConnectionOperation.m */; };
		23304B8B167946D200705054 /* AFXMLRequestOperation.m in Sources */ = {isa = PBXBuildFile; fileRef = 23304B7A167946D200705054 /* AFXMLRequestOperation.m */; };
		23304B8C167946D200705054 /* AFXMLRequestOperation.m in Sources */ = {isa = PBXBuildFile; fileRef = 23304B7A167946D200705054 /* AFXMLRequestOperation.m */; };
		23304B8D167946D200705054 /* UIImageView+AFNetworking.m in Sources */ = {isa = PBXBuildFile; fileRef = 23304B7C167946D200705054 /* UIImageView+AFNetworking.m */; };
		23304B8E167946D200705054 /* UIImageView+AFNetworking.m in Sources */ = {isa = PBXBuildFile; fileRef = 23304B7C167946D200705054 /* UIImageView+AFNetworking.m */; };
		23A2299C16692412003B3688 /* MHObject.m in Sources */ = {isa = PBXBuildFile; fileRef = 23A2299B16692412003B3688 /* MHObject.m */; };
		23A2299F166932D5003B3688 /* MHHTTPClient.m in Sources */ = {isa = PBXBuildFile; fileRef = 23A2299E166932D5003B3688 /* MHHTTPClient.m */; };
		722D7C1E167FF64800FB598E /* MHAPIClient.m in Sources */ = {isa = PBXBuildFile; fileRef = 722D7C1D167FF64800FB598E /* MHAPIClient.m */; };
		7268BEE81697D1AF0070FAA1 /* MedHelp.m in Sources */ = {isa = PBXBuildFile; fileRef = 7268BEE71697D1AF0070FAA1 /* MedHelp.m */; };
		7268BEEC1697D2220070FAA1 /* MHLoginClient.m in Sources */ = {isa = PBXBuildFile; fileRef = 7268BEEB1697D2220070FAA1 /* MHLoginClient.m */; };
/* End PBXBuildFile section */

/* Begin PBXContainerItemProxy section */
		23304B0C1665AFDB00705054 /* PBXContainerItemProxy */ = {
			isa = PBXContainerItemProxy;
			containerPortal = 23304ADD1665AFDA00705054 /* Project object */;
			proxyType = 1;
			remoteGlobalIDString = 23304AE51665AFDA00705054;
			remoteInfo = "hAPI SDK";
		};
/* End PBXContainerItemProxy section */

/* Begin PBXFileReference section */
		23304AE61665AFDA00705054 /* hAPI SDK.app */ = {isa = PBXFileReference; explicitFileType = wrapper.application; includeInIndex = 0; path = "hAPI SDK.app"; sourceTree = BUILT_PRODUCTS_DIR; };
		23304AEA1665AFDA00705054 /* UIKit.framework */ = {isa = PBXFileReference; lastKnownFileType = wrapper.framework; name = UIKit.framework; path = System/Library/Frameworks/UIKit.framework; sourceTree = SDKROOT; };
		23304AEC1665AFDA00705054 /* Foundation.framework */ = {isa = PBXFileReference; lastKnownFileType = wrapper.framework; name = Foundation.framework; path = System/Library/Frameworks/Foundation.framework; sourceTree = SDKROOT; };
		23304AEE1665AFDA00705054 /* CoreGraphics.framework */ = {isa = PBXFileReference; lastKnownFileType = wrapper.framework; name = CoreGraphics.framework; path = System/Library/Frameworks/CoreGraphics.framework; sourceTree = SDKROOT; };
		23304AF21665AFDA00705054 /* hAPI SDK-Info.plist */ = {isa = PBXFileReference; lastKnownFileType = text.plist.xml; path = "hAPI SDK-Info.plist"; sourceTree = "<group>"; };
		23304AF41665AFDA00705054 /* en */ = {isa = PBXFileReference; lastKnownFileType = text.plist.strings; name = en; path = en.lproj/InfoPlist.strings; sourceTree = "<group>"; };
		23304AF61665AFDA00705054 /* main.m */ = {isa = PBXFileReference; lastKnownFileType = sourcecode.c.objc; path = main.m; sourceTree = "<group>"; };
		23304AF81665AFDA00705054 /* hAPI SDK-Prefix.pch */ = {isa = PBXFileReference; lastKnownFileType = sourcecode.c.h; path = "hAPI SDK-Prefix.pch"; sourceTree = "<group>"; };
		23304AFC1665AFDA00705054 /* Default.png */ = {isa = PBXFileReference; lastKnownFileType = image.png; path = Default.png; sourceTree = "<group>"; };
		23304AFE1665AFDA00705054 /* Default@2x.png */ = {isa = PBXFileReference; lastKnownFileType = image.png; path = "Default@2x.png"; sourceTree = "<group>"; };
		23304B001665AFDA00705054 /* Default-568h@2x.png */ = {isa = PBXFileReference; lastKnownFileType = image.png; path = "Default-568h@2x.png"; sourceTree = "<group>"; };
		23304B071665AFDB00705054 /* hAPI SDKTests.octest */ = {isa = PBXFileReference; explicitFileType = wrapper.cfbundle; includeInIndex = 0; path = "hAPI SDKTests.octest"; sourceTree = BUILT_PRODUCTS_DIR; };
		23304B081665AFDB00705054 /* SenTestingKit.framework */ = {isa = PBXFileReference; lastKnownFileType = wrapper.framework; name = SenTestingKit.framework; path = Library/Frameworks/SenTestingKit.framework; sourceTree = DEVELOPER_DIR; };
		23304B101665AFDB00705054 /* hAPI SDKTests-Info.plist */ = {isa = PBXFileReference; lastKnownFileType = text.plist.xml; path = "hAPI SDKTests-Info.plist"; sourceTree = "<group>"; };
		23304B121665AFDB00705054 /* en */ = {isa = PBXFileReference; lastKnownFileType = text.plist.strings; name = en; path = en.lproj/InfoPlist.strings; sourceTree = "<group>"; };
		23304B141665AFDB00705054 /* hAPI_SDKTests.h */ = {isa = PBXFileReference; lastKnownFileType = sourcecode.c.h; path = hAPI_SDKTests.h; sourceTree = "<group>"; };
		23304B151665AFDB00705054 /* hAPI_SDKTests.m */ = {isa = PBXFileReference; lastKnownFileType = sourcecode.c.objc; path = hAPI_SDKTests.m; sourceTree = "<group>"; };
		23304B1F1665B05400705054 /* MHOAuthManager.h */ = {isa = PBXFileReference; fileEncoding = 4; lastKnownFileType = sourcecode.c.h; path = MHOAuthManager.h; sourceTree = "<group>"; };
		23304B201665B05400705054 /* MHOAuthManager.m */ = {isa = PBXFileReference; fileEncoding = 4; lastKnownFileType = sourcecode.c.objc; path = MHOAuthManager.m; sourceTree = "<group>"; };
		23304B2E166E896A00705054 /* MHHealthData.h */ = {isa = PBXFileReference; fileEncoding = 4; lastKnownFileType = sourcecode.c.h; path = MHHealthData.h; sourceTree = "<group>"; };
		23304B2F166E896A00705054 /* MHHealthData.m */ = {isa = PBXFileReference; fileEncoding = 4; lastKnownFileType = sourcecode.c.objc; path = MHHealthData.m; sourceTree = "<group>"; };
		23304B54166FE41E00705054 /* CFNetwork.framework */ = {isa = PBXFileReference; lastKnownFileType = wrapper.framework; name = CFNetwork.framework; path = System/Library/Frameworks/CFNetwork.framework; sourceTree = SDKROOT; };
		23304B56166FE42900705054 /* MobileCoreServices.framework */ = {isa = PBXFileReference; lastKnownFileType = wrapper.framework; name = MobileCoreServices.framework; path = System/Library/Frameworks/MobileCoreServices.framework; sourceTree = SDKROOT; };
		23304B58166FE44000705054 /* libz.dylib */ = {isa = PBXFileReference; lastKnownFileType = "compiled.mach-o.dylib"; name = libz.dylib; path = usr/lib/libz.dylib; sourceTree = SDKROOT; };
		23304B5A166FE46A00705054 /* SystemConfiguration.framework */ = {isa = PBXFileReference; lastKnownFileType = wrapper.framework; name = SystemConfiguration.framework; path = System/Library/Frameworks/SystemConfiguration.framework; sourceTree = SDKROOT; };
		23304B6A167946D200705054 /* AFHTTPClient.h */ = {isa = PBXFileReference; fileEncoding = 4; lastKnownFileType = sourcecode.c.h; path = AFHTTPClient.h; sourceTree = "<group>"; };
		23304B6B167946D200705054 /* AFHTTPClient.m */ = {isa = PBXFileReference; fileEncoding = 4; lastKnownFileType = sourcecode.c.objc; path = AFHTTPClient.m; sourceTree = "<group>"; };
		23304B6C167946D200705054 /* AFHTTPRequestOperation.h */ = {isa = PBXFileReference; fileEncoding = 4; lastKnownFileType = sourcecode.c.h; path = AFHTTPRequestOperation.h; sourceTree = "<group>"; };
		23304B6D167946D200705054 /* AFHTTPRequestOperation.m */ = {isa = PBXFileReference; fileEncoding = 4; lastKnownFileType = sourcecode.c.objc; path = AFHTTPRequestOperation.m; sourceTree = "<group>"; };
		23304B6E167946D200705054 /* AFImageRequestOperation.h */ = {isa = PBXFileReference; fileEncoding = 4; lastKnownFileType = sourcecode.c.h; path = AFImageRequestOperation.h; sourceTree = "<group>"; };
		23304B6F167946D200705054 /* AFImageRequestOperation.m */ = {isa = PBXFileReference; fileEncoding = 4; lastKnownFileType = sourcecode.c.objc; path = AFImageRequestOperation.m; sourceTree = "<group>"; };
		23304B70167946D200705054 /* AFJSONRequestOperation.h */ = {isa = PBXFileReference; fileEncoding = 4; lastKnownFileType = sourcecode.c.h; path = AFJSONRequestOperation.h; sourceTree = "<group>"; };
		23304B71167946D200705054 /* AFJSONRequestOperation.m */ = {isa = PBXFileReference; fileEncoding = 4; lastKnownFileType = sourcecode.c.objc; path = AFJSONRequestOperation.m; sourceTree = "<group>"; };
		23304B72167946D200705054 /* AFNetworkActivityIndicatorManager.h */ = {isa = PBXFileReference; fileEncoding = 4; lastKnownFileType = sourcecode.c.h; path = AFNetworkActivityIndicatorManager.h; sourceTree = "<group>"; };
		23304B73167946D200705054 /* AFNetworkActivityIndicatorManager.m */ = {isa = PBXFileReference; fileEncoding = 4; lastKnownFileType = sourcecode.c.objc; path = AFNetworkActivityIndicatorManager.m; sourceTree = "<group>"; };
		23304B74167946D200705054 /* AFNetworking.h */ = {isa = PBXFileReference; fileEncoding = 4; lastKnownFileType = sourcecode.c.h; path = AFNetworking.h; sourceTree = "<group>"; };
		23304B75167946D200705054 /* AFPropertyListRequestOperation.h */ = {isa = PBXFileReference; fileEncoding = 4; lastKnownFileType = sourcecode.c.h; path = AFPropertyListRequestOperation.h; sourceTree = "<group>"; };
		23304B76167946D200705054 /* AFPropertyListRequestOperation.m */ = {isa = PBXFileReference; fileEncoding = 4; lastKnownFileType = sourcecode.c.objc; path = AFPropertyListRequestOperation.m; sourceTree = "<group>"; };
		23304B77167946D200705054 /* AFURLConnectionOperation.h */ = {isa = PBXFileReference; fileEncoding = 4; lastKnownFileType = sourcecode.c.h; path = AFURLConnectionOperation.h; sourceTree = "<group>"; };
		23304B78167946D200705054 /* AFURLConnectionOperation.m */ = {isa = PBXFileReference; fileEncoding = 4; lastKnownFileType = sourcecode.c.objc; path = AFURLConnectionOperation.m; sourceTree = "<group>"; };
		23304B79167946D200705054 /* AFXMLRequestOperation.h */ = {isa = PBXFileReference; fileEncoding = 4; lastKnownFileType = sourcecode.c.h; path = AFXMLRequestOperation.h; sourceTree = "<group>"; };
		23304B7A167946D200705054 /* AFXMLRequestOperation.m */ = {isa = PBXFileReference; fileEncoding = 4; lastKnownFileType = sourcecode.c.objc; path = AFXMLRequestOperation.m; sourceTree = "<group>"; };
		23304B7B167946D200705054 /* UIImageView+AFNetworking.h */ = {isa = PBXFileReference; fileEncoding = 4; lastKnownFileType = sourcecode.c.h; path = "UIImageView+AFNetworking.h"; sourceTree = "<group>"; };
		23304B7C167946D200705054 /* UIImageView+AFNetworking.m */ = {isa = PBXFileReference; fileEncoding = 4; lastKnownFileType = sourcecode.c.objc; path = "UIImageView+AFNetworking.m"; sourceTree = "<group>"; };
		23A22999166921BC003B3688 /* GlobalConstants.h */ = {isa = PBXFileReference; fileEncoding = 4; lastKnownFileType = sourcecode.c.h; path = GlobalConstants.h; sourceTree = "<group>"; };
		23A2299A16692412003B3688 /* MHObject.h */ = {isa = PBXFileReference; fileEncoding = 4; lastKnownFileType = sourcecode.c.h; path = MHObject.h; sourceTree = "<group>"; };
		23A2299B16692412003B3688 /* MHObject.m */ = {isa = PBXFileReference; fileEncoding = 4; lastKnownFileType = sourcecode.c.objc; path = MHObject.m; sourceTree = "<group>"; };
		23A2299D166932D5003B3688 /* MHHTTPClient.h */ = {isa = PBXFileReference; fileEncoding = 4; lastKnownFileType = sourcecode.c.h; path = MHHTTPClient.h; sourceTree = "<group>"; };
		23A2299E166932D5003B3688 /* MHHTTPClient.m */ = {isa = PBXFileReference; fileEncoding = 4; lastKnownFileType = sourcecode.c.objc; path = MHHTTPClient.m; sourceTree = "<group>"; };
		722D7C1C167FF64800FB598E /* MHAPIClient.h */ = {isa = PBXFileReference; fileEncoding = 4; lastKnownFileType = sourcecode.c.h; path = MHAPIClient.h; sourceTree = "<group>"; };
		722D7C1D167FF64800FB598E /* MHAPIClient.m */ = {isa = PBXFileReference; fileEncoding = 4; lastKnownFileType = sourcecode.c.objc; path = MHAPIClient.m; sourceTree = "<group>"; };
		7268BEE61697D1AF0070FAA1 /* MedHelp.h */ = {isa = PBXFileReference; fileEncoding = 4; lastKnownFileType = sourcecode.c.h; path = MedHelp.h; sourceTree = "<group>"; };
		7268BEE71697D1AF0070FAA1 /* MedHelp.m */ = {isa = PBXFileReference; fileEncoding = 4; lastKnownFileType = sourcecode.c.objc; path = MedHelp.m; sourceTree = "<group>"; };
		7268BEEA1697D2220070FAA1 /* MHLoginClient.h */ = {isa = PBXFileReference; fileEncoding = 4; lastKnownFileType = sourcecode.c.h; path = MHLoginClient.h; sourceTree = "<group>"; };
		7268BEEB1697D2220070FAA1 /* MHLoginClient.m */ = {isa = PBXFileReference; fileEncoding = 4; lastKnownFileType = sourcecode.c.objc; path = MHLoginClient.m; sourceTree = "<group>"; };
/* End PBXFileReference section */

/* Begin PBXFrameworksBuildPhase section */
		23304AE31665AFDA00705054 /* Frameworks */ = {
			isa = PBXFrameworksBuildPhase;
			buildActionMask = 2147483647;
			files = (
				23304B5B166FE46A00705054 /* SystemConfiguration.framework in Frameworks */,
				23304B59166FE44000705054 /* libz.dylib in Frameworks */,
				23304B57166FE42900705054 /* MobileCoreServices.framework in Frameworks */,
				23304B55166FE41E00705054 /* CFNetwork.framework in Frameworks */,
				23304AEB1665AFDA00705054 /* UIKit.framework in Frameworks */,
				23304AED1665AFDA00705054 /* Foundation.framework in Frameworks */,
				23304AEF1665AFDA00705054 /* CoreGraphics.framework in Frameworks */,
			);
			runOnlyForDeploymentPostprocessing = 0;
		};
		23304B031665AFDB00705054 /* Frameworks */ = {
			isa = PBXFrameworksBuildPhase;
			buildActionMask = 2147483647;
			files = (
				23304B091665AFDB00705054 /* SenTestingKit.framework in Frameworks */,
				23304B0A1665AFDB00705054 /* UIKit.framework in Frameworks */,
				23304B0B1665AFDB00705054 /* Foundation.framework in Frameworks */,
			);
			runOnlyForDeploymentPostprocessing = 0;
		};
/* End PBXFrameworksBuildPhase section */

/* Begin PBXGroup section */
		23304ADB1665AFDA00705054 = {
			isa = PBXGroup;
			children = (
				23304B69167946D200705054 /* AFNetworking */,
				23304AF01665AFDA00705054 /* hAPI SDK */,
				23304B0E1665AFDB00705054 /* hAPI SDKTests */,
				23304AE91665AFDA00705054 /* Frameworks */,
				23304AE71665AFDA00705054 /* Products */,
			);
			sourceTree = "<group>";
		};
		23304AE71665AFDA00705054 /* Products */ = {
			isa = PBXGroup;
			children = (
				23304AE61665AFDA00705054 /* hAPI SDK.app */,
				23304B071665AFDB00705054 /* hAPI SDKTests.octest */,
			);
			name = Products;
			sourceTree = "<group>";
		};
		23304AE91665AFDA00705054 /* Frameworks */ = {
			isa = PBXGroup;
			children = (
				23304B5A166FE46A00705054 /* SystemConfiguration.framework */,
				23304B58166FE44000705054 /* libz.dylib */,
				23304B56166FE42900705054 /* MobileCoreServices.framework */,
				23304B54166FE41E00705054 /* CFNetwork.framework */,
				23304AEA1665AFDA00705054 /* UIKit.framework */,
				23304AEC1665AFDA00705054 /* Foundation.framework */,
				23304AEE1665AFDA00705054 /* CoreGraphics.framework */,
				23304B081665AFDB00705054 /* SenTestingKit.framework */,
			);
			name = Frameworks;
			sourceTree = "<group>";
		};
		23304AF01665AFDA00705054 /* hAPI SDK */ = {
			isa = PBXGroup;
			children = (
				23A22999166921BC003B3688 /* GlobalConstants.h */,
				722D7C22167FF8AD00FB598E /* API */,
				722D7C21167FF8A400FB598E /* Login */,
				722D7C20167FF89500FB598E /* Data */,
				23A2299D166932D5003B3688 /* MHHTTPClient.h */,
				23A2299E166932D5003B3688 /* MHHTTPClient.m */,
				23304AF11665AFDA00705054 /* Supporting Files */,
				7268BEE61697D1AF0070FAA1 /* MedHelp.h */,
				7268BEE71697D1AF0070FAA1 /* MedHelp.m */,
			);
			path = "hAPI SDK";
			sourceTree = "<group>";
		};
		23304AF11665AFDA00705054 /* Supporting Files */ = {
			isa = PBXGroup;
			children = (
				23304AF21665AFDA00705054 /* hAPI SDK-Info.plist */,
				23304AF31665AFDA00705054 /* InfoPlist.strings */,
				23304AF61665AFDA00705054 /* main.m */,
				23304AF81665AFDA00705054 /* hAPI SDK-Prefix.pch */,
				23304AFC1665AFDA00705054 /* Default.png */,
				23304AFE1665AFDA00705054 /* Default@2x.png */,
				23304B001665AFDA00705054 /* Default-568h@2x.png */,
			);
			name = "Supporting Files";
			sourceTree = "<group>";
		};
		23304B0E1665AFDB00705054 /* hAPI SDKTests */ = {
			isa = PBXGroup;
			children = (
				23304B141665AFDB00705054 /* hAPI_SDKTests.h */,
				23304B151665AFDB00705054 /* hAPI_SDKTests.m */,
				23304B0F1665AFDB00705054 /* Supporting Files */,
			);
			path = "hAPI SDKTests";
			sourceTree = "<group>";
		};
		23304B0F1665AFDB00705054 /* Supporting Files */ = {
			isa = PBXGroup;
			children = (
				23304B101665AFDB00705054 /* hAPI SDKTests-Info.plist */,
				23304B111665AFDB00705054 /* InfoPlist.strings */,
			);
			name = "Supporting Files";
			sourceTree = "<group>";
		};
		23304B69167946D200705054 /* AFNetworking */ = {
			isa = PBXGroup;
			children = (
				23304B6A167946D200705054 /* AFHTTPClient.h */,
				23304B6B167946D200705054 /* AFHTTPClient.m */,
				23304B6C167946D200705054 /* AFHTTPRequestOperation.h */,
				23304B6D167946D200705054 /* AFHTTPRequestOperation.m */,
				23304B6E167946D200705054 /* AFImageRequestOperation.h */,
				23304B6F167946D200705054 /* AFImageRequestOperation.m */,
				23304B70167946D200705054 /* AFJSONRequestOperation.h */,
				23304B71167946D200705054 /* AFJSONRequestOperation.m */,
				23304B72167946D200705054 /* AFNetworkActivityIndicatorManager.h */,
				23304B73167946D200705054 /* AFNetworkActivityIndicatorManager.m */,
				23304B74167946D200705054 /* AFNetworking.h */,
				23304B75167946D200705054 /* AFPropertyListRequestOperation.h */,
				23304B76167946D200705054 /* AFPropertyListRequestOperation.m */,
				23304B77167946D200705054 /* AFURLConnectionOperation.h */,
				23304B78167946D200705054 /* AFURLConnectionOperation.m */,
				23304B79167946D200705054 /* AFXMLRequestOperation.h */,
				23304B7A167946D200705054 /* AFXMLRequestOperation.m */,
				23304B7B167946D200705054 /* UIImageView+AFNetworking.h */,
				23304B7C167946D200705054 /* UIImageView+AFNetworking.m */,
			);
			path = AFNetworking;
			sourceTree = "<group>";
		};
		722D7C20167FF89500FB598E /* Data */ = {
			isa = PBXGroup;
			children = (
				23A2299A16692412003B3688 /* MHObject.h */,
				23A2299B16692412003B3688 /* MHObject.m */,
				23304B2E166E896A00705054 /* MHHealthData.h */,
				23304B2F166E896A00705054 /* MHHealthData.m */,
			);
			name = Data;
			sourceTree = "<group>";
		};
		722D7C21167FF8A400FB598E /* Login */ = {
			isa = PBXGroup;
			children = (
				23304B1F1665B05400705054 /* MHOAuthManager.h */,
				23304B201665B05400705054 /* MHOAuthManager.m */,
				7268BEEA1697D2220070FAA1 /* MHLoginClient.h */,
				7268BEEB1697D2220070FAA1 /* MHLoginClient.m */,
			);
			name = Login;
			sourceTree = "<group>";
		};
		722D7C22167FF8AD00FB598E /* API */ = {
			isa = PBXGroup;
			children = (
				722D7C1C167FF64800FB598E /* MHAPIClient.h */,
				722D7C1D167FF64800FB598E /* MHAPIClient.m */,
			);
			name = API;
			sourceTree = "<group>";
		};
/* End PBXGroup section */

/* Begin PBXNativeTarget section */
		23304AE51665AFDA00705054 /* hAPI SDK */ = {
			isa = PBXNativeTarget;
			buildConfigurationList = 23304B191665AFDB00705054 /* Build configuration list for PBXNativeTarget "hAPI SDK" */;
			buildPhases = (
				23304AE21665AFDA00705054 /* Sources */,
				23304AE31665AFDA00705054 /* Frameworks */,
				23304AE41665AFDA00705054 /* Resources */,
			);
			buildRules = (
			);
			dependencies = (
			);
			name = "hAPI SDK";
			productName = "hAPI SDK";
			productReference = 23304AE61665AFDA00705054 /* hAPI SDK.app */;
			productType = "com.apple.product-type.application";
		};
		23304B061665AFDB00705054 /* hAPI SDKTests */ = {
			isa = PBXNativeTarget;
			buildConfigurationList = 23304B1C1665AFDB00705054 /* Build configuration list for PBXNativeTarget "hAPI SDKTests" */;
			buildPhases = (
				23304B021665AFDB00705054 /* Sources */,
				23304B031665AFDB00705054 /* Frameworks */,
				23304B041665AFDB00705054 /* Resources */,
				23304B051665AFDB00705054 /* ShellScript */,
			);
			buildRules = (
			);
			dependencies = (
				23304B0D1665AFDB00705054 /* PBXTargetDependency */,
			);
			name = "hAPI SDKTests";
			productName = "hAPI SDKTests";
			productReference = 23304B071665AFDB00705054 /* hAPI SDKTests.octest */;
			productType = "com.apple.product-type.bundle";
		};
/* End PBXNativeTarget section */

/* Begin PBXProject section */
		23304ADD1665AFDA00705054 /* Project object */ = {
			isa = PBXProject;
			attributes = {
				CLASSPREFIX = MH;
				LastUpgradeCheck = 0450;
				ORGANIZATIONNAME = "Medhelp International";
			};
			buildConfigurationList = 23304AE01665AFDA00705054 /* Build configuration list for PBXProject "hAPI SDK" */;
			compatibilityVersion = "Xcode 3.2";
			developmentRegion = English;
			hasScannedForEncodings = 0;
			knownRegions = (
				en,
			);
			mainGroup = 23304ADB1665AFDA00705054;
			productRefGroup = 23304AE71665AFDA00705054 /* Products */;
			projectDirPath = "";
			projectRoot = "";
			targets = (
				23304AE51665AFDA00705054 /* hAPI SDK */,
				23304B061665AFDB00705054 /* hAPI SDKTests */,
			);
		};
/* End PBXProject section */

/* Begin PBXResourcesBuildPhase section */
		23304AE41665AFDA00705054 /* Resources */ = {
			isa = PBXResourcesBuildPhase;
			buildActionMask = 2147483647;
			files = (
				23304AF51665AFDA00705054 /* InfoPlist.strings in Resources */,
				23304AFD1665AFDA00705054 /* Default.png in Resources */,
				23304AFF1665AFDA00705054 /* Default@2x.png in Resources */,
				23304B011665AFDA00705054 /* Default-568h@2x.png in Resources */,
			);
			runOnlyForDeploymentPostprocessing = 0;
		};
		23304B041665AFDB00705054 /* Resources */ = {
			isa = PBXResourcesBuildPhase;
			buildActionMask = 2147483647;
			files = (
				23304B131665AFDB00705054 /* InfoPlist.strings in Resources */,
			);
			runOnlyForDeploymentPostprocessing = 0;
		};
/* End PBXResourcesBuildPhase section */

/* Begin PBXShellScriptBuildPhase section */
		23304B051665AFDB00705054 /* ShellScript */ = {
			isa = PBXShellScriptBuildPhase;
			buildActionMask = 2147483647;
			files = (
			);
			inputPaths = (
			);
			outputPaths = (
			);
			runOnlyForDeploymentPostprocessing = 0;
			shellPath = /bin/sh;
			shellScript = "# Run the unit tests in this test bundle.\n\"${SYSTEM_DEVELOPER_DIR}/Tools/RunUnitTests\"\n";
		};
/* End PBXShellScriptBuildPhase section */

/* Begin PBXSourcesBuildPhase section */
		23304AE21665AFDA00705054 /* Sources */ = {
			isa = PBXSourcesBuildPhase;
			buildActionMask = 2147483647;
			files = (
				23304AF71665AFDA00705054 /* main.m in Sources */,
				23304B211665B05400705054 /* MHOAuthManager.m in Sources */,
				23A2299C16692412003B3688 /* MHObject.m in Sources */,
				23A2299F166932D5003B3688 /* MHHTTPClient.m in Sources */,
				23304B30166E896A00705054 /* MHHealthData.m in Sources */,
				23304B7D167946D200705054 /* AFHTTPClient.m in Sources */,
				23304B7F167946D200705054 /* AFHTTPRequestOperation.m in Sources */,
				23304B81167946D200705054 /* AFImageRequestOperation.m in Sources */,
				23304B83167946D200705054 /* AFJSONRequestOperation.m in Sources */,
				23304B85167946D200705054 /* AFNetworkActivityIndicatorManager.m in Sources */,
				23304B87167946D200705054 /* AFPropertyListRequestOperation.m in Sources */,
				23304B89167946D200705054 /* AFURLConnectionOperation.m in Sources */,
				23304B8B167946D200705054 /* AFXMLRequestOperation.m in Sources */,
				23304B8D167946D200705054 /* UIImageView+AFNetworking.m in Sources */,
				722D7C1E167FF64800FB598E /* MHAPIClient.m in Sources */,
				7268BEE81697D1AF0070FAA1 /* MedHelp.m in Sources */,
				7268BEEC1697D2220070FAA1 /* MHLoginClient.m in Sources */,
			);
			runOnlyForDeploymentPostprocessing = 0;
		};
		23304B021665AFDB00705054 /* Sources */ = {
			isa = PBXSourcesBuildPhase;
			buildActionMask = 2147483647;
			files = (
				23304B161665AFDB00705054 /* hAPI_SDKTests.m in Sources */,
				23304B7E167946D200705054 /* AFHTTPClient.m in Sources */,
				23304B80167946D200705054 /* AFHTTPRequestOperation.m in Sources */,
				23304B82167946D200705054 /* AFImageRequestOperation.m in Sources */,
				23304B84167946D200705054 /* AFJSONRequestOperation.m in Sources */,
				23304B86167946D200705054 /* AFNetworkActivityIndicatorManager.m in Sources */,
				23304B88167946D200705054 /* AFPropertyListRequestOperation.m in Sources */,
				23304B8A167946D200705054 /* AFURLConnectionOperation.m in Sources */,
				23304B8C167946D200705054 /* AFXMLRequestOperation.m in Sources */,
				23304B8E167946D200705054 /* UIImageView+AFNetworking.m in Sources */,
			);
			runOnlyForDeploymentPostprocessing = 0;
		};
/* End PBXSourcesBuildPhase section */

/* Begin PBXTargetDependency section */
		23304B0D1665AFDB00705054 /* PBXTargetDependency */ = {
			isa = PBXTargetDependency;
			target = 23304AE51665AFDA00705054 /* hAPI SDK */;
			targetProxy = 23304B0C1665AFDB00705054 /* PBXContainerItemProxy */;
		};
/* End PBXTargetDependency section */

/* Begin PBXVariantGroup section */
		23304AF31665AFDA00705054 /* InfoPlist.strings */ = {
			isa = PBXVariantGroup;
			children = (
				23304AF41665AFDA00705054 /* en */,
			);
			name = InfoPlist.strings;
			sourceTree = "<group>";
		};
		23304B111665AFDB00705054 /* InfoPlist.strings */ = {
			isa = PBXVariantGroup;
			children = (
				23304B121665AFDB00705054 /* en */,
			);
			name = InfoPlist.strings;
			sourceTree = "<group>";
		};
/* End PBXVariantGroup section */

/* Begin XCBuildConfiguration section */
		23304B171665AFDB00705054 /* Debug */ = {
			isa = XCBuildConfiguration;
			buildSettings = {
				ALWAYS_SEARCH_USER_PATHS = NO;
				CLANG_CXX_LANGUAGE_STANDARD = "gnu++0x";
				CLANG_CXX_LIBRARY = "libc++";
				CLANG_ENABLE_OBJC_ARC = YES;
				CLANG_WARN_EMPTY_BODY = YES;
				CLANG_WARN__DUPLICATE_METHOD_MATCH = YES;
				"CODE_SIGN_IDENTITY[sdk=iphoneos*]" = "iPhone Developer";
				COPY_PHASE_STRIP = NO;
				GCC_C_LANGUAGE_STANDARD = gnu99;
				GCC_DYNAMIC_NO_PIC = NO;
				GCC_OPTIMIZATION_LEVEL = 0;
				GCC_PREPROCESSOR_DEFINITIONS = (
					"DEBUG=1",
					"$(inherited)",
				);
				GCC_SYMBOLS_PRIVATE_EXTERN = NO;
				GCC_WARN_ABOUT_RETURN_TYPE = YES;
				GCC_WARN_UNINITIALIZED_AUTOS = YES;
				GCC_WARN_UNUSED_VARIABLE = YES;
				IPHONEOS_DEPLOYMENT_TARGET = 6.0;
				ONLY_ACTIVE_ARCH = YES;
				SDKROOT = iphoneos;
				TARGETED_DEVICE_FAMILY = "1,2";
			};
			name = Debug;
		};
		23304B181665AFDB00705054 /* Release */ = {
			isa = XCBuildConfiguration;
			buildSettings = {
				ALWAYS_SEARCH_USER_PATHS = NO;
				CLANG_CXX_LANGUAGE_STANDARD = "gnu++0x";
				CLANG_CXX_LIBRARY = "libc++";
				CLANG_ENABLE_OBJC_ARC = YES;
				CLANG_WARN_EMPTY_BODY = YES;
				CLANG_WARN__DUPLICATE_METHOD_MATCH = YES;
				"CODE_SIGN_IDENTITY[sdk=iphoneos*]" = "iPhone Developer";
				COPY_PHASE_STRIP = YES;
				GCC_C_LANGUAGE_STANDARD = gnu99;
				GCC_WARN_ABOUT_RETURN_TYPE = YES;
				GCC_WARN_UNINITIALIZED_AUTOS = YES;
				GCC_WARN_UNUSED_VARIABLE = YES;
				IPHONEOS_DEPLOYMENT_TARGET = 6.0;
				OTHER_CFLAGS = "-DNS_BLOCK_ASSERTIONS=1";
				SDKROOT = iphoneos;
				TARGETED_DEVICE_FAMILY = "1,2";
				VALIDATE_PRODUCT = YES;
			};
			name = Release;
		};
		23304B1A1665AFDB00705054 /* Debug */ = {
			isa = XCBuildConfiguration;
			buildSettings = {
				GCC_PRECOMPILE_PREFIX_HEADER = YES;
				GCC_PREFIX_HEADER = "hAPI SDK/hAPI SDK-Prefix.pch";
				INFOPLIST_FILE = "hAPI SDK/hAPI SDK-Info.plist";
				PRODUCT_NAME = "$(TARGET_NAME)";
				WRAPPER_EXTENSION = app;
			};
			name = Debug;
		};
		23304B1B1665AFDB00705054 /* Release */ = {
			isa = XCBuildConfiguration;
			buildSettings = {
				GCC_PRECOMPILE_PREFIX_HEADER = YES;
				GCC_PREFIX_HEADER = "hAPI SDK/hAPI SDK-Prefix.pch";
				INFOPLIST_FILE = "hAPI SDK/hAPI SDK-Info.plist";
				PRODUCT_NAME = "$(TARGET_NAME)";
				WRAPPER_EXTENSION = app;
			};
			name = Release;
		};
		23304B1D1665AFDB00705054 /* Debug */ = {
			isa = XCBuildConfiguration;
			buildSettings = {
				BUNDLE_LOADER = "$(BUILT_PRODUCTS_DIR)/hAPI SDK.app/hAPI SDK";
				FRAMEWORK_SEARCH_PATHS = (
					"\"$(SDKROOT)/Developer/Library/Frameworks\"",
					"\"$(DEVELOPER_LIBRARY_DIR)/Frameworks\"",
				);
				GCC_PRECOMPILE_PREFIX_HEADER = YES;
				GCC_PREFIX_HEADER = "hAPI SDK/hAPI SDK-Prefix.pch";
				INFOPLIST_FILE = "hAPI SDKTests/hAPI SDKTests-Info.plist";
				PRODUCT_NAME = "$(TARGET_NAME)";
				TEST_HOST = "$(BUNDLE_LOADER)";
				WRAPPER_EXTENSION = octest;
			};
			name = Debug;
		};
		23304B1E1665AFDB00705054 /* Release */ = {
			isa = XCBuildConfiguration;
			buildSettings = {
				BUNDLE_LOADER = "$(BUILT_PRODUCTS_DIR)/hAPI SDK.app/hAPI SDK";
				FRAMEWORK_SEARCH_PATHS = (
					"\"$(SDKROOT)/Developer/Library/Frameworks\"",
					"\"$(DEVELOPER_LIBRARY_DIR)/Frameworks\"",
				);
				GCC_PRECOMPILE_PREFIX_HEADER = YES;
				GCC_PREFIX_HEADER = "hAPI SDK/hAPI SDK-Prefix.pch";
				INFOPLIST_FILE = "hAPI SDKTests/hAPI SDKTests-Info.plist";
				PRODUCT_NAME = "$(TARGET_NAME)";
				TEST_HOST = "$(BUNDLE_LOADER)";
				WRAPPER_EXTENSION = octest;
			};
			name = Release;
		};
/* End XCBuildConfiguration section */

/* Begin XCConfigurationList section */
		23304AE01665AFDA00705054 /* Build configuration list for PBXProject "hAPI SDK" */ = {
			isa = XCConfigurationList;
			buildConfigurations = (
				23304B171665AFDB00705054 /* Debug */,
				23304B181665AFDB00705054 /* Release */,
			);
			defaultConfigurationIsVisible = 0;
			defaultConfigurationName = Release;
		};
		23304B191665AFDB00705054 /* Build configuration list for PBXNativeTarget "hAPI SDK" */ = {
			isa = XCConfigurationList;
			buildConfigurations = (
				23304B1A1665AFDB00705054 /* Debug */,
				23304B1B1665AFDB00705054 /* Release */,
			);
			defaultConfigurationIsVisible = 0;
			defaultConfigurationName = Release;
		};
		23304B1C1665AFDB00705054 /* Build configuration list for PBXNativeTarget "hAPI SDKTests" */ = {
			isa = XCConfigurationList;
			buildConfigurations = (
				23304B1D1665AFDB00705054 /* Debug */,
				23304B1E1665AFDB00705054 /* Release */,
			);
			defaultConfigurationIsVisible = 0;
			defaultConfigurationName = Release;
		};
/* End XCConfigurationList section */
	};
	rootObject = 23304ADD1665AFDA00705054 /* Project object */;
}
