PODS:
  - AFNetworking (1.3.4)
  - hAPI-SDK (1.0.1):
    - AFNetworking (~> 1.3.3)

DEPENDENCIES:
  - hAPI-SDK (from `../../`)

EXTERNAL SOURCES:
  hAPI-SDK:
    :path: ../../

SPEC CHECKSUMS:
  AFNetworking: 80c4e0652b08eb34e25b9c0ff3c82556fe5967b4
  hAPI-SDK: 7a025987def2c05c56c2728f8ee8837ded26269b

COCOAPODS: 0.35.0
