PODS:
  - AFNetworking (1.3.4)
  - hAPI SDK (1.0.0):
    - AFNetworking (~> 1.3.3)

DEPENDENCIES:
  - hAPI SDK (from `../../`)

EXTERNAL SOURCES:
  hAPI SDK:
    :path: ../../

SPEC CHECKSUMS:
  AFNetworking: 80c4e0652b08eb34e25b9c0ff3c82556fe5967b4
  hAPI SDK: d8bfe03e45b93ed187059cec1c1aacda307540ed

COCOAPODS: 0.34.4
